
Microsoft Visual Studio Solution File, Format Version 12.00
# Visual Studio Version 16
VisualStudioVersion = 16.0.31105.61
MinimumVisualStudioVersion = 10.0.40219.1
Project("{FAE04EC0-301F-11D3-BF4B-00C04F79EFBC}") = "ProjectEuler", "ProjectEuler\ProjectEuler.csproj", "{59A8FF8E-42B3-45E3-9E90-8554B373A3AE}"
EndProject
Project("{FAE04EC0-301F-11D3-BF4B-00C04F79EFBC}") = "EulerTest", "EulerTest\EulerTest.csproj", "{6532D6D9-243B-4EF7-86C1-22640B381466}"
EndProject
Global
	GlobalSection(SolutionConfigurationPlatforms) = preSolution
		Debug|Any CPU = Debug|Any CPU
		Release|Any CPU = Release|Any CPU
	EndGlobalSection
	GlobalSection(ProjectConfigurationPlatforms) = postSolution
		{59A8FF8E-42B3-45E3-9E90-8554B373A3AE}.Debug|Any CPU.ActiveCfg = Debug|Any CPU
		{59A8FF8E-42B3-45E3-9E90-8554B373A3AE}.Debug|Any CPU.Build.0 = Debug|Any CPU
		{59A8FF8E-42B3-45E3-9E90-8554B373A3AE}.Release|Any CPU.ActiveCfg = Release|Any CPU
		{59A8FF8E-42B3-45E3-9E90-8554B373A3AE}.Release|Any CPU.Build.0 = Release|Any CPU
		{6532D6D9-243B-4EF7-86C1-22640B381466}.Debug|Any CPU.ActiveCfg = Debug|Any CPU
		{6532D6D9-243B-4EF7-86C1-22640B381466}.Debug|Any CPU.Build.0 = Debug|Any CPU
		{6532D6D9-243B-4EF7-86C1-22640B381466}.Release|Any CPU.ActiveCfg = Release|Any CPU
		{6532D6D9-243B-4EF7-86C1-22640B381466}.Release|Any CPU.Build.0 = Release|Any CPU
	EndGlobalSection
	GlobalSection(SolutionProperties) = preSolution
		HideSolutionNode = FALSE
	EndGlobalSection
	GlobalSection(ExtensibilityGlobals) = postSolution
		SolutionGuid = {A480DF78-124F-447F-8749-03FF309AA7E6}
	EndGlobalSection
EndGlobal
